
Microsoft Visual Studio Solution File, Format Version 12.00
# Visual Studio Version 17
VisualStudioVersion = 17.3.32825.248
MinimumVisualStudioVersion = 10.0.40219.1
Project("{9A19103F-16F7-4668-BE54-9A1E7A4F7556}") = "coresystem", "coresystem.csproj", "{34B149A7-FE9C-48A5-BD1D-5B01A3F19B92}"
EndProject
Global
	GlobalSection(SolutionConfigurationPlatforms) = preSolution
		Debug|Any CPU = Debug|Any CPU
		Release|Any CPU = Release|Any CPU
	EndGlobalSection
	GlobalSection(ProjectConfigurationPlatforms) = postSolution
		{34B149A7-FE9C-48A5-BD1D-5B01A3F19B92}.Debug|Any CPU.ActiveCfg = Debug|Any CPU
		{34B149A7-FE9C-48A5-BD1D-5B01A3F19B92}.Debug|Any CPU.Build.0 = Debug|Any CPU
		{34B149A7-FE9C-48A5-BD1D-5B01A3F19B92}.Release|Any CPU.ActiveCfg = Release|Any CPU
		{34B149A7-FE9C-48A5-BD1D-5B01A3F19B92}.Release|Any CPU.Build.0 = Release|Any CPU
	EndGlobalSection
	GlobalSection(SolutionProperties) = preSolution
		HideSolutionNode = FALSE
	EndGlobalSection
	GlobalSection(ExtensibilityGlobals) = postSolution
		SolutionGuid = {38661E9E-4E6F-4D3D-B87A-33B392BD867C}
	EndGlobalSection
EndGlobal
